
Microsoft Visual Studio Solution File, Format Version 12.00
# Visual Studio Version 16
VisualStudioVersion = 16.0.30011.22
MinimumVisualStudioVersion = 10.0.40219.1
Project("{FAE04EC0-301F-11D3-BF4B-00C04F79EFBC}") = "TrackerLibrary", "TrackerLibrary\TrackerLibrary.csproj", "{FAD16D88-264F-4863-A318-ED66056DEF0E}"
EndProject
Project("{FAE04EC0-301F-11D3-BF4B-00C04F79EFBC}") = "TrackerUI", "TrackerUI\TrackerUI.csproj", "{4A77CEA5-584F-4144-B52B-97ED068CBDF6}"
EndProject
Global
	GlobalSection(SolutionConfigurationPlatforms) = preSolution
		Debug|Any CPU = Debug|Any CPU
		Release|Any CPU = Release|Any CPU
	EndGlobalSection
	GlobalSection(ProjectConfigurationPlatforms) = postSolution
		{FAD16D88-264F-4863-A318-ED66056DEF0E}.Debug|Any CPU.ActiveCfg = Debug|Any CPU
		{FAD16D88-264F-4863-A318-ED66056DEF0E}.Debug|Any CPU.Build.0 = Debug|Any CPU
		{FAD16D88-264F-4863-A318-ED66056DEF0E}.Release|Any CPU.ActiveCfg = Release|Any CPU
		{FAD16D88-264F-4863-A318-ED66056DEF0E}.Release|Any CPU.Build.0 = Release|Any CPU
		{4A77CEA5-584F-4144-B52B-97ED068CBDF6}.Debug|Any CPU.ActiveCfg = Debug|Any CPU
		{4A77CEA5-584F-4144-B52B-97ED068CBDF6}.Debug|Any CPU.Build.0 = Debug|Any CPU
		{4A77CEA5-584F-4144-B52B-97ED068CBDF6}.Release|Any CPU.ActiveCfg = Release|Any CPU
		{4A77CEA5-584F-4144-B52B-97ED068CBDF6}.Release|Any CPU.Build.0 = Release|Any CPU
	EndGlobalSection
	GlobalSection(SolutionProperties) = preSolution
		HideSolutionNode = FALSE
	EndGlobalSection
	GlobalSection(ExtensibilityGlobals) = postSolution
		SolutionGuid = {6566B105-4DEB-4271-B7D2-900CAA796030}
	EndGlobalSection
EndGlobal
